{
    "_readme": [
        "This file locks the dependencies of your project to a known state",
        "Read more about it at http://getcomposer.org/doc/01-basic-usage.md#composer-lock-the-lock-file"
    ],
    "hash": "778a6916528219b4fa54a037adf550b5",
    "packages": [
        {
            "name": "coffeescript/coffeescript",
            "version": "1.3.1",
            "source": {
                "type": "git",
                "url": "https://github.com/alxlit/coffeescript-php",
                "reference": "1.3.1"
            },
            "dist": {
                "type": "zip",
                "url": "https://github.com/alxlit/coffeescript-php/zipball/1.3.1",
                "reference": "1.3.1",
                "shasum": ""
            },
            "require": {
                "php": ">=5.3.0"
            },
            "type": "library",
            "autoload": {
                "psr-0": {
                    "CoffeeScript": "src/"
                }
            },
            "notification-url": "https://packagist.org/downloads/",
            "license": [
                "MIT"
            ],
            "authors": [
                {
                    "name": "Alex Little",
                    "email": "alxlit@gmail.com",
                    "homepage": "http://alxlit.name"
                }
            ],
            "description": "A port of the CoffeeScript compiler to PHP.",
            "homepage": "http://github.com/alxlit/coffeescript-php",
            "keywords": [
                "JS",
                "coffee",
                "coffeescript",
                "javascript"
            ],
            "time": "2012-08-04 07:44:51"
        },
        {
            "name": "leafo/lessphp",
            "version": "v0.3.9",
            "source": {
                "type": "git",
                "url": "https://github.com/leafo/lessphp.git",
                "reference": "v0.3.9"
            },
            "dist": {
                "type": "zip",
                "url": "https://api.github.com/repos/leafo/lessphp/zipball/v0.3.9",
                "reference": "v0.3.9",
                "shasum": ""
            },
            "type": "library",
            "extra": {
                "branch-alias": {
                    "dev-master": "0.3-dev"
                }
            },
            "autoload": {
                "classmap": [
                    "lessc.inc.php"
                ]
            },
            "notification-url": "https://packagist.org/downloads/",
            "license": [
                "MIT",
                "GPL-3.0"
            ],
            "authors": [
                {
                    "name": "Leaf Corcoran",
                    "email": "leafot@gmail.com",
                    "homepage": "http://leafo.net"
                }
            ],
            "description": "lessphp is a compiler for LESS written in PHP.",
            "homepage": "http://leafo.net/lessphp/",
            "time": "2013-03-02 16:13:31"
        },
        {
            "name": "mthaml/mthaml",
            "version": "1.2.2",
            "source": {
                "type": "git",
                "url": "https://github.com/arnaud-lb/MtHaml.git",
                "reference": "1.2.2"
            },
            "dist": {
                "type": "zip",
                "url": "https://api.github.com/repos/arnaud-lb/MtHaml/zipball/1.2.2",
                "reference": "1.2.2",
                "shasum": ""
            },
            "require": {
                "php": ">=5.3.0"
            },
            "conflict": {
                "mthaml/mthaml-bundle": "<1.1.0"
            },
            "require-dev": {
                "twig/twig": ">=1.0,<2.0"
            },
            "type": "library",
            "autoload": {
                "psr-0": {
                    "MtHaml\\": "lib/"
                }
            },
            "notification-url": "https://packagist.org/downloads/",
            "license": [
                "MIT"
            ],
            "authors": [
                {
                    "name": "Arnaud Le Blanc",
                    "email": "arnaud.lb@gmail.com"
                }
            ],
            "description": "HAML for PHP",
            "homepage": "https://github.com/arnaud-lb/MtHaml",
            "keywords": [
                "HAML"
            ],
            "time": "2013-03-29 17:19:34"
        },
        {
            "name": "richthegeek/phpsass",
            "version": "dev-master",
            "source": {
                "type": "git",
                "url": "https://github.com/richthegeek/phpsass.git",
                "reference": "6c6f8dd5d761b1e8e98c425c36abe4de315eb842"
            },
            "dist": {
                "type": "zip",
                "url": "https://api.github.com/repos/richthegeek/phpsass/zipball/6c6f8dd5d761b1e8e98c425c36abe4de315eb842",
                "reference": "6c6f8dd5d761b1e8e98c425c36abe4de315eb842",
                "shasum": ""
            },
            "type": "library",
            "autoload": {
                "classmap": [
                    "script/",
                    "renderers/",
                    "tree/",
                    "SassException.php",
                    "SassFile.php",
                    "SassParser.php"
                ]
            },
            "notification-url": "https://packagist.org/downloads/",
            "license": [
                "BSD-2-Clause"
            ],
            "authors": [
                {
                    "name": "Richard Lyon",
                    "homepage": "https://github.com/richthegeek"
                },
                {
                    "name": "Sebastian Siemssen",
                    "homepage": "https://twitter.com/thefubhy"
                },
                {
                    "name": "Steve Jones",
                    "homepage": "https://github.com/darthsteven"
                },
                {
                    "name": "Sam Richard",
                    "homepage": "https://github.com/snugug"
                }
            ],
            "description": "PHPSass is a PHP compiler for SASS, a popular CSS pre-processor language.",
            "homepage": "http://phpsass.com",
            "time": "2013-06-04 14:52:45"
        }
    ],
    "packages-dev": [

    ],
    "aliases": [

    ],
    "minimum-stability": "stable",
    "stability-flags": {
        "richthegeek/phpsass": 20
    },
    "platform": [

    ],
    "platform-dev": [

    ]
}
